
Microsoft Visual Studio Solution File, Format Version 12.00
# Visual Studio Version 17
VisualStudioVersion = 17.3.32929.385
MinimumVisualStudioVersion = 10.0.40219.1
Project("{FAE04EC0-301F-11D3-BF4B-00C04F79EFBC}") = "EmployeeWage", "EmployeeWage.csproj", "{61120C2B-07C5-4FBE-AEBE-953E2046082A}"
EndProject
Global
	GlobalSection(SolutionConfigurationPlatforms) = preSolution
		Debug|Any CPU = Debug|Any CPU
		Release|Any CPU = Release|Any CPU
	EndGlobalSection
	GlobalSection(ProjectConfigurationPlatforms) = postSolution
		{61120C2B-07C5-4FBE-AEBE-953E2046082A}.Debug|Any CPU.ActiveCfg = Debug|Any CPU
		{61120C2B-07C5-4FBE-AEBE-953E2046082A}.Debug|Any CPU.Build.0 = Debug|Any CPU
		{61120C2B-07C5-4FBE-AEBE-953E2046082A}.Release|Any CPU.ActiveCfg = Release|Any CPU
		{61120C2B-07C5-4FBE-AEBE-953E2046082A}.Release|Any CPU.Build.0 = Release|Any CPU
	EndGlobalSection
	GlobalSection(SolutionProperties) = preSolution
		HideSolutionNode = FALSE
	EndGlobalSection
	GlobalSection(ExtensibilityGlobals) = postSolution
		SolutionGuid = {8BF9F5EE-11CC-43D0-81AB-B3E0BC862386}
	EndGlobalSection
EndGlobal
